{
  "originHash" : "092296d4819f87c86cadc4665e3d0def617aa98a70aff6b8497ee460fde0002b",
  "pins" : [
    {
      "identity" : "kingfisher",
      "kind" : "remoteSourceControl",
      "location" : "https://github.com/onevcat/Kingfisher.git",
      "state" : {
        "revision" : "d30a5fad881137e2267f96a8e3fc35c58999bb94",
        "version" : "8.6.2"
      }
    },
    {
      "identity" : "stripe-ios",
      "kind" : "remoteSourceControl",
      "location" : "https://github.com/stripe/stripe-ios.git",
      "state" : {
        "revision" : "8f24215dbb379335891d87139bf2c09d6045a3a3",
        "version" : "25.2.0"
      }
    }
  ],
  "version" : 3
}
