// !$*UTF8*$!
{
	archiveVersion = 1;
	classes = {
	};
	objectVersion = 77;
	objects = {

/* Begin PBXBuildFile section */
		3A58A00C2F0C19F70077FC5B /* Mini.app in Embed App Clips */ = {isa = PBXBuildFile; fileRef = 3A5D0EA32EEF2F640020509C /* Mini.app */; settings = {ATTRIBUTES = (RemoveHeadersOnCopy, ); }; };
		3A5D0ED42EEF2FE00020509C /* Kingfisher in Frameworks */ = {isa = PBXBuildFile; productRef = 3A5D0ED32EEF2FE00020509C /* Kingfisher */; };
		3A5D0ED82EEF30040020509C /* StripeApplePay in Frameworks */ = {isa = PBXBuildFile; productRef = 3A5D0ED72EEF30040020509C /* StripeApplePay */; };
		3A5D0EDA2EEF30040020509C /* StripePaymentsUI in Frameworks */ = {isa = PBXBuildFile; productRef = 3A5D0ED92EEF30040020509C /* StripePaymentsUI */; };
		3A6F59AB2ECE535800062F59 /* Kingfisher in Frameworks */ = {isa = PBXBuildFile; productRef = 3A6F59AA2ECE535800062F59 /* Kingfisher */; };
		3AA0D51E2EEAEECD00D9B4C2 /* StripeApplePay in Frameworks */ = {isa = PBXBuildFile; productRef = 3AA0D51D2EEAEECD00D9B4C2 /* StripeApplePay */; };
		3AA0D5202EEBFEA300D9B4C2 /* Stripe in Frameworks */ = {isa = PBXBuildFile; productRef = 3AA0D51F2EEBFEA300D9B4C2 /* Stripe */; };
		3AA0D5222EEBFEA300D9B4C2 /* StripePayments in Frameworks */ = {isa = PBXBuildFile; productRef = 3AA0D5212EEBFEA300D9B4C2 /* StripePayments */; };
/* End PBXBuildFile section */

/* Begin PBXContainerItemProxy section */
		3A5D0EC32EEF2F660020509C /* PBXContainerItemProxy */ = {
			isa = PBXContainerItemProxy;
			containerPortal = 3A6F59752ECE43AC00062F59 /* Project object */;
			proxyType = 1;
			remoteGlobalIDString = 3A5D0EA22EEF2F640020509C;
			remoteInfo = Mini;
		};
/* End PBXContainerItemProxy section */

/* Begin PBXCopyFilesBuildPhase section */
		3A74EF622ED57F2C008A7F67 /* Embed App Clips */ = {
			isa = PBXCopyFilesBuildPhase;
			buildActionMask = 2147483647;
			dstPath = "$(CONTENTS_FOLDER_PATH)/AppClips";
			dstSubfolderSpec = 16;
			files = (
				3A58A00C2F0C19F70077FC5B /* Mini.app in Embed App Clips */,
			);
			name = "Embed App Clips";
			runOnlyForDeploymentPostprocessing = 0;
		};
/* End PBXCopyFilesBuildPhase section */

/* Begin PBXFileReference section */
		3A5D0EA32EEF2F640020509C /* Mini.app */ = {isa = PBXFileReference; explicitFileType = wrapper.application; includeInIndex = 0; path = Mini.app; sourceTree = BUILT_PRODUCTS_DIR; };
		3A6F597D2ECE43AC00062F59 /* MINIS_02.app */ = {isa = PBXFileReference; explicitFileType = wrapper.application; includeInIndex = 0; path = MINIS_02.app; sourceTree = BUILT_PRODUCTS_DIR; };
/* End PBXFileReference section */

/* Begin PBXFileSystemSynchronizedBuildFileExceptionSet section */
		3A589FA62F0B9C1E0077FC5B /* Exceptions for "MINIS_02" folder in "MINIS_02" target */ = {
			isa = PBXFileSystemSynchronizedBuildFileExceptionSet;
			membershipExceptions = (
				"App clipTests/App_clipTests.swift",
			);
			target = 3A6F597C2ECE43AC00062F59 /* MINIS_02 */;
		};
		3A58A00E2F0C447C0077FC5B /* Exceptions for "MINIS_02" folder in "Mini" target */ = {
			isa = PBXFileSystemSynchronizedBuildFileExceptionSet;
			membershipExceptions = (
				AppDelegate.swift,
				Discount.swift,
				Fastlane.swift,
				FastlaneModel.swift,
				Home.swift,
				Share.swift,
			);
			target = 3A5D0EA22EEF2F640020509C /* Mini */;
		};
		3A5D0EC62EEF2F660020509C /* Exceptions for "Mini" folder in "Mini" target */ = {
			isa = PBXFileSystemSynchronizedBuildFileExceptionSet;
			membershipExceptions = (
				Assets.xcassets,
				ContentView.swift,
				Info.plist,
			);
			target = 3A5D0EA22EEF2F640020509C /* Mini */;
		};
/* End PBXFileSystemSynchronizedBuildFileExceptionSet section */

/* Begin PBXFileSystemSynchronizedGroupBuildPhaseMembershipExceptionSet section */
		3A58A0152F0C45090077FC5B /* Exceptions for "Mini" folder in "Compile Sources" phase from "Mini" target */ = {
			isa = PBXFileSystemSynchronizedGroupBuildPhaseMembershipExceptionSet;
			buildPhase = 3A5D0E9F2EEF2F640020509C /* Sources */;
			membershipExceptions = (
				Assets.xcassets,
			);
		};
/* End PBXFileSystemSynchronizedGroupBuildPhaseMembershipExceptionSet section */

/* Begin PBXFileSystemSynchronizedRootGroup section */
		3A5D0EA42EEF2F640020509C /* Mini */ = {
			isa = PBXFileSystemSynchronizedRootGroup;
			exceptions = (
				3A5D0EC62EEF2F660020509C /* Exceptions for "Mini" folder in "Mini" target */,
				3A58A0152F0C45090077FC5B /* Exceptions for "Mini" folder in "Compile Sources" phase from "Mini" target */,
			);
			path = Mini;
			sourceTree = "<group>";
		};
		3A5D0EB42EEF2F660020509C /* MiniTests */ = {
			isa = PBXFileSystemSynchronizedRootGroup;
			path = MiniTests;
			sourceTree = "<group>";
		};
		3A5D0EBE2EEF2F660020509C /* MiniUITests */ = {
			isa = PBXFileSystemSynchronizedRootGroup;
			path = MiniUITests;
			sourceTree = "<group>";
		};
		3A6F597F2ECE43AC00062F59 /* MINIS_02 */ = {
			isa = PBXFileSystemSynchronizedRootGroup;
			exceptions = (
				3A589FA62F0B9C1E0077FC5B /* Exceptions for "MINIS_02" folder in "MINIS_02" target */,
				3A58A00E2F0C447C0077FC5B /* Exceptions for "MINIS_02" folder in "Mini" target */,
			);
			path = MINIS_02;
			sourceTree = "<group>";
		};
		3A6F598E2ECE43AE00062F59 /* MINIS_02Tests */ = {
			isa = PBXFileSystemSynchronizedRootGroup;
			path = MINIS_02Tests;
			sourceTree = "<group>";
		};
		3A6F59982ECE43AE00062F59 /* MINIS_02UITests */ = {
			isa = PBXFileSystemSynchronizedRootGroup;
			path = MINIS_02UITests;
			sourceTree = "<group>";
		};
		3A74EF4C2ED57F2C008A7F67 /* MiniTests */ = {
			isa = PBXFileSystemSynchronizedRootGroup;
			path = MiniTests;
			sourceTree = "<group>";
		};
		3A74EF562ED57F2C008A7F67 /* MiniUITests */ = {
			isa = PBXFileSystemSynchronizedRootGroup;
			path = MiniUITests;
			sourceTree = "<group>";
		};
		3A74EF8D2ED5806E008A7F67 /* App clipUITests */ = {
			isa = PBXFileSystemSynchronizedRootGroup;
			path = "App clipUITests";
			sourceTree = "<group>";
		};
		3AC2D4A12EFBD92B00795189 /* Dashboard */ = {
			isa = PBXFileSystemSynchronizedRootGroup;
			path = Dashboard;
			sourceTree = "<group>";
		};
/* End PBXFileSystemSynchronizedRootGroup section */

/* Begin PBXFrameworksBuildPhase section */
		3A5D0EA02EEF2F640020509C /* Frameworks */ = {
			isa = PBXFrameworksBuildPhase;
			buildActionMask = 2147483647;
			files = (
				3A5D0ED82EEF30040020509C /* StripeApplePay in Frameworks */,
				3A5D0ED42EEF2FE00020509C /* Kingfisher in Frameworks */,
				3A5D0EDA2EEF30040020509C /* StripePaymentsUI in Frameworks */,
			);
			runOnlyForDeploymentPostprocessing = 0;
		};
		3A6F597A2ECE43AC00062F59 /* Frameworks */ = {
			isa = PBXFrameworksBuildPhase;
			buildActionMask = 2147483647;
			files = (
				3A6F59AB2ECE535800062F59 /* Kingfisher in Frameworks */,
				3AA0D51E2EEAEECD00D9B4C2 /* StripeApplePay in Frameworks */,
				3AA0D5222EEBFEA300D9B4C2 /* StripePayments in Frameworks */,
				3AA0D5202EEBFEA300D9B4C2 /* Stripe in Frameworks */,
			);
			runOnlyForDeploymentPostprocessing = 0;
		};
/* End PBXFrameworksBuildPhase section */

/* Begin PBXGroup section */
		3A6F59742ECE43AC00062F59 = {
			isa = PBXGroup;
			children = (
				3AC2D4A12EFBD92B00795189 /* Dashboard */,
				3A6F597F2ECE43AC00062F59 /* MINIS_02 */,
				3A6F598E2ECE43AE00062F59 /* MINIS_02Tests */,
				3A6F59982ECE43AE00062F59 /* MINIS_02UITests */,
				3A74EF4C2ED57F2C008A7F67 /* MiniTests */,
				3A74EF562ED57F2C008A7F67 /* MiniUITests */,
				3A74EF8D2ED5806E008A7F67 /* App clipUITests */,
				3A5D0EA42EEF2F640020509C /* Mini */,
				3A5D0EB42EEF2F660020509C /* MiniTests */,
				3A5D0EBE2EEF2F660020509C /* MiniUITests */,
				3A6F59A92ECE535800062F59 /* Frameworks */,
				3A6F597E2ECE43AC00062F59 /* Products */,
			);
			sourceTree = "<group>";
		};
		3A6F597E2ECE43AC00062F59 /* Products */ = {
			isa = PBXGroup;
			children = (
				3A6F597D2ECE43AC00062F59 /* MINIS_02.app */,
				3A5D0EA32EEF2F640020509C /* Mini.app */,
			);
			name = Products;
			sourceTree = "<group>";
		};
		3A6F59A92ECE535800062F59 /* Frameworks */ = {
			isa = PBXGroup;
			children = (
			);
			name = Frameworks;
			sourceTree = "<group>";
		};
/* End PBXGroup section */

/* Begin PBXNativeTarget section */
		3A5D0EA22EEF2F640020509C /* Mini */ = {
			isa = PBXNativeTarget;
			buildConfigurationList = 3A5D0EC72EEF2F660020509C /* Build configuration list for PBXNativeTarget "Mini" */;
			buildPhases = (
				3A5D0E9F2EEF2F640020509C /* Sources */,
				3A5D0EA02EEF2F640020509C /* Frameworks */,
				3A5D0EA12EEF2F640020509C /* Resources */,
			);
			buildRules = (
			);
			dependencies = (
			);
			fileSystemSynchronizedGroups = (
				3A5D0EA42EEF2F640020509C /* Mini */,
			);
			name = Mini;
			packageProductDependencies = (
				3A5D0ED32EEF2FE00020509C /* Kingfisher */,
				3A5D0ED52EEF30040020509C /* Stripe */,
				3A5D0ED72EEF30040020509C /* StripeApplePay */,
				3A5D0ED92EEF30040020509C /* StripePaymentsUI */,
			);
			productName = Mini;
			productReference = 3A5D0EA32EEF2F640020509C /* Mini.app */;
			productType = "com.apple.product-type.application.on-demand-install-capable";
		};
		3A6F597C2ECE43AC00062F59 /* MINIS_02 */ = {
			isa = PBXNativeTarget;
			buildConfigurationList = 3A6F599F2ECE43AE00062F59 /* Build configuration list for PBXNativeTarget "MINIS_02" */;
			buildPhases = (
				3A6F59792ECE43AC00062F59 /* Sources */,
				3A6F597A2ECE43AC00062F59 /* Frameworks */,
				3A6F597B2ECE43AC00062F59 /* Resources */,
				3A74EF622ED57F2C008A7F67 /* Embed App Clips */,
			);
			buildRules = (
			);
			dependencies = (
				3A5D0EC42EEF2F660020509C /* PBXTargetDependency */,
			);
			fileSystemSynchronizedGroups = (
				3A6F597F2ECE43AC00062F59 /* MINIS_02 */,
			);
			name = MINIS_02;
			packageProductDependencies = (
				3A6F59AA2ECE535800062F59 /* Kingfisher */,
				3AA0D51D2EEAEECD00D9B4C2 /* StripeApplePay */,
				3AA0D51F2EEBFEA300D9B4C2 /* Stripe */,
				3AA0D5212EEBFEA300D9B4C2 /* StripePayments */,
			);
			productName = MINIS_02;
			productReference = 3A6F597D2ECE43AC00062F59 /* MINIS_02.app */;
			productType = "com.apple.product-type.application";
		};
/* End PBXNativeTarget section */

/* Begin PBXProject section */
		3A6F59752ECE43AC00062F59 /* Project object */ = {
			isa = PBXProject;
			attributes = {
				BuildIndependentTargetsInParallel = 1;
				LastSwiftUpdateCheck = 2610;
				LastUpgradeCheck = 1640;
				TargetAttributes = {
					3A5D0EA22EEF2F640020509C = {
						CreatedOnToolsVersion = 26.1.1;
					};
					3A6F597C2ECE43AC00062F59 = {
						CreatedOnToolsVersion = 16.4;
					};
				};
			};
			buildConfigurationList = 3A6F59782ECE43AC00062F59 /* Build configuration list for PBXProject "MINIS_02" */;
			developmentRegion = en;
			hasScannedForEncodings = 0;
			knownRegions = (
				en,
				Base,
			);
			mainGroup = 3A6F59742ECE43AC00062F59;
			minimizedProjectReferenceProxies = 1;
			packageReferences = (
				3A6F59A82ECE532A00062F59 /* XCRemoteSwiftPackageReference "Kingfisher" */,
				3AA0D51C2EEAEECD00D9B4C2 /* XCRemoteSwiftPackageReference "stripe-ios" */,
			);
			preferredProjectObjectVersion = 77;
			productRefGroup = 3A6F597E2ECE43AC00062F59 /* Products */;
			projectDirPath = "";
			projectRoot = "";
			targets = (
				3A6F597C2ECE43AC00062F59 /* MINIS_02 */,
				3A5D0EA22EEF2F640020509C /* Mini */,
			);
		};
/* End PBXProject section */

/* Begin PBXResourcesBuildPhase section */
		3A5D0EA12EEF2F640020509C /* Resources */ = {
			isa = PBXResourcesBuildPhase;
			buildActionMask = 2147483647;
			files = (
			);
			runOnlyForDeploymentPostprocessing = 0;
		};
		3A6F597B2ECE43AC00062F59 /* Resources */ = {
			isa = PBXResourcesBuildPhase;
			buildActionMask = 2147483647;
			files = (
			);
			runOnlyForDeploymentPostprocessing = 0;
		};
/* End PBXResourcesBuildPhase section */

/* Begin PBXSourcesBuildPhase section */
		3A5D0E9F2EEF2F640020509C /* Sources */ = {
			isa = PBXSourcesBuildPhase;
			buildActionMask = 2147483647;
			files = (
			);
			runOnlyForDeploymentPostprocessing = 0;
		};
		3A6F59792ECE43AC00062F59 /* Sources */ = {
			isa = PBXSourcesBuildPhase;
			buildActionMask = 2147483647;
			files = (
			);
			runOnlyForDeploymentPostprocessing = 0;
		};
/* End PBXSourcesBuildPhase section */

/* Begin PBXTargetDependency section */
		3A5D0EC42EEF2F660020509C /* PBXTargetDependency */ = {
			isa = PBXTargetDependency;
			target = 3A5D0EA22EEF2F640020509C /* Mini */;
			targetProxy = 3A5D0EC32EEF2F660020509C /* PBXContainerItemProxy */;
		};
/* End PBXTargetDependency section */

/* Begin XCBuildConfiguration section */
		3A5D0EC82EEF2F660020509C /* Debug */ = {
			isa = XCBuildConfiguration;
			buildSettings = {
				ASSETCATALOG_COMPILER_APPICON_NAME = AppIcon;
				ASSETCATALOG_COMPILER_GLOBAL_ACCENT_COLOR_NAME = AccentColor;
				CODE_SIGN_ENTITLEMENTS = Mini/Mini.entitlements;
				CODE_SIGN_STYLE = Automatic;
				CURRENT_PROJECT_VERSION = 3;
				DEVELOPMENT_TEAM = V22SRJBXN7;
				ENABLE_PREVIEWS = YES;
				GENERATE_INFOPLIST_FILE = YES;
				INFOPLIST_FILE = Mini/Info.plist;
				INFOPLIST_KEY_CFBundleDisplayName = Minis;
				INFOPLIST_KEY_UIApplicationSceneManifest_Generation = YES;
				INFOPLIST_KEY_UIApplicationSupportsIndirectInputEvents = YES;
				INFOPLIST_KEY_UILaunchScreen_Generation = YES;
				INFOPLIST_KEY_UISupportedInterfaceOrientations = UIInterfaceOrientationPortrait;
				INFOPLIST_KEY_UISupportedInterfaceOrientations_iPad = "UIInterfaceOrientationLandscapeLeft UIInterfaceOrientationLandscapeRight UIInterfaceOrientationPortrait UIInterfaceOrientationPortraitUpsideDown";
				IPHONEOS_DEPLOYMENT_TARGET = 17.6;
				LD_RUNPATH_SEARCH_PATHS = (
					"$(inherited)",
					"@executable_path/Frameworks",
				);
				MARKETING_VERSION = 11.4;
				PRODUCT_BUNDLE_IDENTIFIER = minis.co.uk.Clip;
				PRODUCT_NAME = "$(TARGET_NAME)";
				SDKROOT = iphoneos;
				STRING_CATALOG_GENERATE_SYMBOLS = YES;
				SWIFT_ACTIVE_COMPILATION_CONDITIONS = APPCLIP;
				SWIFT_APPROACHABLE_CONCURRENCY = YES;
				SWIFT_DEFAULT_ACTOR_ISOLATION = MainActor;
				SWIFT_EMIT_LOC_STRINGS = YES;
				SWIFT_UPCOMING_FEATURE_MEMBER_IMPORT_VISIBILITY = YES;
				SWIFT_VERSION = 5.0;
				TARGETED_DEVICE_FAMILY = "1,2";
			};
			name = Debug;
		};
		3A5D0EC92EEF2F660020509C /* Release */ = {
			isa = XCBuildConfiguration;
			buildSettings = {
				ASSETCATALOG_COMPILER_APPICON_NAME = AppIcon;
				ASSETCATALOG_COMPILER_GLOBAL_ACCENT_COLOR_NAME = AccentColor;
				CODE_SIGN_ENTITLEMENTS = Mini/Mini.entitlements;
				CODE_SIGN_STYLE = Automatic;
				CURRENT_PROJECT_VERSION = 3;
				DEVELOPMENT_TEAM = V22SRJBXN7;
				ENABLE_PREVIEWS = YES;
				GENERATE_INFOPLIST_FILE = YES;
				INFOPLIST_FILE = Mini/Info.plist;
				INFOPLIST_KEY_CFBundleDisplayName = Minis;
				INFOPLIST_KEY_UIApplicationSceneManifest_Generation = YES;
				INFOPLIST_KEY_UIApplicationSupportsIndirectInputEvents = YES;
				INFOPLIST_KEY_UILaunchScreen_Generation = YES;
				INFOPLIST_KEY_UISupportedInterfaceOrientations = UIInterfaceOrientationPortrait;
				INFOPLIST_KEY_UISupportedInterfaceOrientations_iPad = "UIInterfaceOrientationLandscapeLeft UIInterfaceOrientationLandscapeRight UIInterfaceOrientationPortrait UIInterfaceOrientationPortraitUpsideDown";
				IPHONEOS_DEPLOYMENT_TARGET = 17.6;
				LD_RUNPATH_SEARCH_PATHS = (
					"$(inherited)",
					"@executable_path/Frameworks",
				);
				MARKETING_VERSION = 11.4;
				PRODUCT_BUNDLE_IDENTIFIER = minis.co.uk.Clip;
				PRODUCT_NAME = "$(TARGET_NAME)";
				SDKROOT = iphoneos;
				STRING_CATALOG_GENERATE_SYMBOLS = YES;
				SWIFT_ACTIVE_COMPILATION_CONDITIONS = APPCLIP;
				SWIFT_APPROACHABLE_CONCURRENCY = YES;
				SWIFT_DEFAULT_ACTOR_ISOLATION = MainActor;
				SWIFT_EMIT_LOC_STRINGS = YES;
				SWIFT_UPCOMING_FEATURE_MEMBER_IMPORT_VISIBILITY = YES;
				SWIFT_VERSION = 5.0;
				TARGETED_DEVICE_FAMILY = "1,2";
				VALIDATE_PRODUCT = YES;
			};
			name = Release;
		};
		3A6F599D2ECE43AE00062F59 /* Debug */ = {
			isa = XCBuildConfiguration;
			buildSettings = {
				ALWAYS_SEARCH_USER_PATHS = NO;
				ASSETCATALOG_COMPILER_GENERATE_SWIFT_ASSET_SYMBOL_EXTENSIONS = YES;
				CLANG_ANALYZER_NONNULL = YES;
				CLANG_ANALYZER_NUMBER_OBJECT_CONVERSION = YES_AGGRESSIVE;
				CLANG_CXX_LANGUAGE_STANDARD = "gnu++20";
				CLANG_ENABLE_MODULES = YES;
				CLANG_ENABLE_OBJC_ARC = YES;
				CLANG_ENABLE_OBJC_WEAK = YES;
				CLANG_WARN_BLOCK_CAPTURE_AUTORELEASING = YES;
				CLANG_WARN_BOOL_CONVERSION = YES;
				CLANG_WARN_COMMA = YES;
				CLANG_WARN_CONSTANT_CONVERSION = YES;
				CLANG_WARN_DEPRECATED_OBJC_IMPLEMENTATIONS = YES;
				CLANG_WARN_DIRECT_OBJC_ISA_USAGE = YES_ERROR;
				CLANG_WARN_DOCUMENTATION_COMMENTS = YES;
				CLANG_WARN_EMPTY_BODY = YES;
				CLANG_WARN_ENUM_CONVERSION = YES;
				CLANG_WARN_INFINITE_RECURSION = YES;
				CLANG_WARN_INT_CONVERSION = YES;
				CLANG_WARN_NON_LITERAL_NULL_CONVERSION = YES;
				CLANG_WARN_OBJC_IMPLICIT_RETAIN_SELF = YES;
				CLANG_WARN_OBJC_LITERAL_CONVERSION = YES;
				CLANG_WARN_OBJC_ROOT_CLASS = YES_ERROR;
				CLANG_WARN_QUOTED_INCLUDE_IN_FRAMEWORK_HEADER = YES;
				CLANG_WARN_RANGE_LOOP_ANALYSIS = YES;
				CLANG_WARN_STRICT_PROTOTYPES = YES;
				CLANG_WARN_SUSPICIOUS_MOVE = YES;
				CLANG_WARN_UNGUARDED_AVAILABILITY = YES_AGGRESSIVE;
				CLANG_WARN_UNREACHABLE_CODE = YES;
				CLANG_WARN__DUPLICATE_METHOD_MATCH = YES;
				COPY_PHASE_STRIP = NO;
				DEBUG_INFORMATION_FORMAT = dwarf;
				ENABLE_STRICT_OBJC_MSGSEND = YES;
				ENABLE_TESTABILITY = YES;
				ENABLE_USER_SCRIPT_SANDBOXING = YES;
				GCC_C_LANGUAGE_STANDARD = gnu17;
				GCC_DYNAMIC_NO_PIC = NO;
				GCC_NO_COMMON_BLOCKS = YES;
				GCC_OPTIMIZATION_LEVEL = 0;
				GCC_PREPROCESSOR_DEFINITIONS = (
					"DEBUG=1",
					"$(inherited)",
				);
				GCC_WARN_64_TO_32_BIT_CONVERSION = YES;
				GCC_WARN_ABOUT_RETURN_TYPE = YES_ERROR;
				GCC_WARN_UNDECLARED_SELECTOR = YES;
				GCC_WARN_UNINITIALIZED_AUTOS = YES_AGGRESSIVE;
				GCC_WARN_UNUSED_FUNCTION = YES;
				GCC_WARN_UNUSED_VARIABLE = YES;
				LOCALIZATION_PREFERS_STRING_CATALOGS = YES;
				MTL_ENABLE_DEBUG_INFO = INCLUDE_SOURCE;
				MTL_FAST_MATH = YES;
				ONLY_ACTIVE_ARCH = YES;
				SWIFT_ACTIVE_COMPILATION_CONDITIONS = "DEBUG $(inherited)";
				SWIFT_OPTIMIZATION_LEVEL = "-Onone";
			};
			name = Debug;
		};
		3A6F599E2ECE43AE00062F59 /* Release */ = {
			isa = XCBuildConfiguration;
			buildSettings = {
				ALWAYS_SEARCH_USER_PATHS = NO;
				ASSETCATALOG_COMPILER_GENERATE_SWIFT_ASSET_SYMBOL_EXTENSIONS = YES;
				CLANG_ANALYZER_NONNULL = YES;
				CLANG_ANALYZER_NUMBER_OBJECT_CONVERSION = YES_AGGRESSIVE;
				CLANG_CXX_LANGUAGE_STANDARD = "gnu++20";
				CLANG_ENABLE_MODULES = YES;
				CLANG_ENABLE_OBJC_ARC = YES;
				CLANG_ENABLE_OBJC_WEAK = YES;
				CLANG_WARN_BLOCK_CAPTURE_AUTORELEASING = YES;
				CLANG_WARN_BOOL_CONVERSION = YES;
				CLANG_WARN_COMMA = YES;
				CLANG_WARN_CONSTANT_CONVERSION = YES;
				CLANG_WARN_DEPRECATED_OBJC_IMPLEMENTATIONS = YES;
				CLANG_WARN_DIRECT_OBJC_ISA_USAGE = YES_ERROR;
				CLANG_WARN_DOCUMENTATION_COMMENTS = YES;
				CLANG_WARN_EMPTY_BODY = YES;
				CLANG_WARN_ENUM_CONVERSION = YES;
				CLANG_WARN_INFINITE_RECURSION = YES;
				CLANG_WARN_INT_CONVERSION = YES;
				CLANG_WARN_NON_LITERAL_NULL_CONVERSION = YES;
				CLANG_WARN_OBJC_IMPLICIT_RETAIN_SELF = YES;
				CLANG_WARN_OBJC_LITERAL_CONVERSION = YES;
				CLANG_WARN_OBJC_ROOT_CLASS = YES_ERROR;
				CLANG_WARN_QUOTED_INCLUDE_IN_FRAMEWORK_HEADER = YES;
				CLANG_WARN_RANGE_LOOP_ANALYSIS = YES;
				CLANG_WARN_STRICT_PROTOTYPES = YES;
				CLANG_WARN_SUSPICIOUS_MOVE = YES;
				CLANG_WARN_UNGUARDED_AVAILABILITY = YES_AGGRESSIVE;
				CLANG_WARN_UNREACHABLE_CODE = YES;
				CLANG_WARN__DUPLICATE_METHOD_MATCH = YES;
				COPY_PHASE_STRIP = NO;
				DEBUG_INFORMATION_FORMAT = "dwarf-with-dsym";
				ENABLE_NS_ASSERTIONS = NO;
				ENABLE_STRICT_OBJC_MSGSEND = YES;
				ENABLE_USER_SCRIPT_SANDBOXING = YES;
				GCC_C_LANGUAGE_STANDARD = gnu17;
				GCC_NO_COMMON_BLOCKS = YES;
				GCC_WARN_64_TO_32_BIT_CONVERSION = YES;
				GCC_WARN_ABOUT_RETURN_TYPE = YES_ERROR;
				GCC_WARN_UNDECLARED_SELECTOR = YES;
				GCC_WARN_UNINITIALIZED_AUTOS = YES_AGGRESSIVE;
				GCC_WARN_UNUSED_FUNCTION = YES;
				GCC_WARN_UNUSED_VARIABLE = YES;
				LOCALIZATION_PREFERS_STRING_CATALOGS = YES;
				MTL_ENABLE_DEBUG_INFO = NO;
				MTL_FAST_MATH = YES;
				SWIFT_COMPILATION_MODE = wholemodule;
			};
			name = Release;
		};
		3A6F59A02ECE43AE00062F59 /* Debug */ = {
			isa = XCBuildConfiguration;
			buildSettings = {
				ASSETCATALOG_COMPILER_APPICON_NAME = MinisIcon;
				ASSETCATALOG_COMPILER_GLOBAL_ACCENT_COLOR_NAME = AccentColor;
				CODE_SIGN_ENTITLEMENTS = MINIS_02/MINIS_02.entitlements;
				CODE_SIGN_STYLE = Automatic;
				CURRENT_PROJECT_VERSION = 3;
				DEVELOPMENT_TEAM = V22SRJBXN7;
				ENABLE_PREVIEWS = YES;
				GENERATE_INFOPLIST_FILE = YES;
				INFOPLIST_FILE = "MINIS-02-Info.plist";
				INFOPLIST_KEY_CFBundleDisplayName = Minis;
				"INFOPLIST_KEY_UIApplicationSceneManifest_Generation[sdk=iphoneos*]" = YES;
				"INFOPLIST_KEY_UIApplicationSceneManifest_Generation[sdk=iphonesimulator*]" = YES;
				"INFOPLIST_KEY_UIApplicationSupportsIndirectInputEvents[sdk=iphoneos*]" = YES;
				"INFOPLIST_KEY_UIApplicationSupportsIndirectInputEvents[sdk=iphonesimulator*]" = YES;
				"INFOPLIST_KEY_UILaunchScreen_Generation[sdk=iphoneos*]" = YES;
				"INFOPLIST_KEY_UILaunchScreen_Generation[sdk=iphonesimulator*]" = YES;
				"INFOPLIST_KEY_UIStatusBarStyle[sdk=iphoneos*]" = UIStatusBarStyleDefault;
				"INFOPLIST_KEY_UIStatusBarStyle[sdk=iphonesimulator*]" = UIStatusBarStyleDefault;
				INFOPLIST_KEY_UISupportedInterfaceOrientations = UIInterfaceOrientationPortrait;
				INFOPLIST_KEY_UISupportedInterfaceOrientations_iPad = "UIInterfaceOrientationLandscapeLeft UIInterfaceOrientationLandscapeRight UIInterfaceOrientationPortrait UIInterfaceOrientationPortraitUpsideDown";
				IPHONEOS_DEPLOYMENT_TARGET = 17.6;
				LD_RUNPATH_SEARCH_PATHS = "@executable_path/Frameworks";
				"LD_RUNPATH_SEARCH_PATHS[sdk=macosx*]" = "@executable_path/../Frameworks";
				MACOSX_DEPLOYMENT_TARGET = 15.5;
				MARKETING_VERSION = 11.4;
				PRODUCT_BUNDLE_IDENTIFIER = minis.co.uk;
				PRODUCT_NAME = "$(TARGET_NAME)";
				REGISTER_APP_GROUPS = YES;
				SDKROOT = auto;
				SUPPORTED_PLATFORMS = "iphoneos iphonesimulator macosx xros xrsimulator";
				SWIFT_EMIT_LOC_STRINGS = YES;
				SWIFT_VERSION = 5.0;
				TARGETED_DEVICE_FAMILY = "1,2,7";
				XROS_DEPLOYMENT_TARGET = 2.5;
			};
			name = Debug;
		};
		3A6F59A12ECE43AE00062F59 /* Release */ = {
			isa = XCBuildConfiguration;
			buildSettings = {
				ASSETCATALOG_COMPILER_APPICON_NAME = MinisIcon;
				ASSETCATALOG_COMPILER_GLOBAL_ACCENT_COLOR_NAME = AccentColor;
				CODE_SIGN_ENTITLEMENTS = MINIS_02/MINIS_02.entitlements;
				CODE_SIGN_STYLE = Automatic;
				CURRENT_PROJECT_VERSION = 3;
				DEVELOPMENT_TEAM = V22SRJBXN7;
				ENABLE_PREVIEWS = YES;
				GENERATE_INFOPLIST_FILE = YES;
				INFOPLIST_FILE = "MINIS-02-Info.plist";
				INFOPLIST_KEY_CFBundleDisplayName = Minis;
				"INFOPLIST_KEY_UIApplicationSceneManifest_Generation[sdk=iphoneos*]" = YES;
				"INFOPLIST_KEY_UIApplicationSceneManifest_Generation[sdk=iphonesimulator*]" = YES;
				"INFOPLIST_KEY_UIApplicationSupportsIndirectInputEvents[sdk=iphoneos*]" = YES;
				"INFOPLIST_KEY_UIApplicationSupportsIndirectInputEvents[sdk=iphonesimulator*]" = YES;
				"INFOPLIST_KEY_UILaunchScreen_Generation[sdk=iphoneos*]" = YES;
				"INFOPLIST_KEY_UILaunchScreen_Generation[sdk=iphonesimulator*]" = YES;
				"INFOPLIST_KEY_UIStatusBarStyle[sdk=iphoneos*]" = UIStatusBarStyleDefault;
				"INFOPLIST_KEY_UIStatusBarStyle[sdk=iphonesimulator*]" = UIStatusBarStyleDefault;
				INFOPLIST_KEY_UISupportedInterfaceOrientations = UIInterfaceOrientationPortrait;
				INFOPLIST_KEY_UISupportedInterfaceOrientations_iPad = "UIInterfaceOrientationLandscapeLeft UIInterfaceOrientationLandscapeRight UIInterfaceOrientationPortrait UIInterfaceOrientationPortraitUpsideDown";
				IPHONEOS_DEPLOYMENT_TARGET = 17.6;
				LD_RUNPATH_SEARCH_PATHS = "@executable_path/Frameworks";
				"LD_RUNPATH_SEARCH_PATHS[sdk=macosx*]" = "@executable_path/../Frameworks";
				MACOSX_DEPLOYMENT_TARGET = 15.5;
				MARKETING_VERSION = 11.4;
				PRODUCT_BUNDLE_IDENTIFIER = minis.co.uk;
				PRODUCT_NAME = "$(TARGET_NAME)";
				REGISTER_APP_GROUPS = YES;
				SDKROOT = auto;
				SUPPORTED_PLATFORMS = "iphoneos iphonesimulator macosx xros xrsimulator";
				SWIFT_EMIT_LOC_STRINGS = YES;
				SWIFT_VERSION = 5.0;
				TARGETED_DEVICE_FAMILY = "1,2,7";
				XROS_DEPLOYMENT_TARGET = 2.5;
			};
			name = Release;
		};
/* End XCBuildConfiguration section */

/* Begin XCConfigurationList section */
		3A5D0EC72EEF2F660020509C /* Build configuration list for PBXNativeTarget "Mini" */ = {
			isa = XCConfigurationList;
			buildConfigurations = (
				3A5D0EC82EEF2F660020509C /* Debug */,
				3A5D0EC92EEF2F660020509C /* Release */,
			);
			defaultConfigurationIsVisible = 0;
			defaultConfigurationName = Release;
		};
		3A6F59782ECE43AC00062F59 /* Build configuration list for PBXProject "MINIS_02" */ = {
			isa = XCConfigurationList;
			buildConfigurations = (
				3A6F599D2ECE43AE00062F59 /* Debug */,
				3A6F599E2ECE43AE00062F59 /* Release */,
			);
			defaultConfigurationIsVisible = 0;
			defaultConfigurationName = Release;
		};
		3A6F599F2ECE43AE00062F59 /* Build configuration list for PBXNativeTarget "MINIS_02" */ = {
			isa = XCConfigurationList;
			buildConfigurations = (
				3A6F59A02ECE43AE00062F59 /* Debug */,
				3A6F59A12ECE43AE00062F59 /* Release */,
			);
			defaultConfigurationIsVisible = 0;
			defaultConfigurationName = Release;
		};
/* End XCConfigurationList section */

/* Begin XCRemoteSwiftPackageReference section */
		3A6F59A82ECE532A00062F59 /* XCRemoteSwiftPackageReference "Kingfisher" */ = {
			isa = XCRemoteSwiftPackageReference;
			repositoryURL = "https://github.com/onevcat/Kingfisher.git";
			requirement = {
				kind = upToNextMajorVersion;
				minimumVersion = 8.6.2;
			};
		};
		3AA0D51C2EEAEECD00D9B4C2 /* XCRemoteSwiftPackageReference "stripe-ios" */ = {
			isa = XCRemoteSwiftPackageReference;
			repositoryURL = "https://github.com/stripe/stripe-ios.git";
			requirement = {
				kind = upToNextMajorVersion;
				minimumVersion = 25.2.0;
			};
		};
/* End XCRemoteSwiftPackageReference section */

/* Begin XCSwiftPackageProductDependency section */
		3A5D0ED32EEF2FE00020509C /* Kingfisher */ = {
			isa = XCSwiftPackageProductDependency;
			package = 3A6F59A82ECE532A00062F59 /* XCRemoteSwiftPackageReference "Kingfisher" */;
			productName = Kingfisher;
		};
		3A5D0ED52EEF30040020509C /* Stripe */ = {
			isa = XCSwiftPackageProductDependency;
			package = 3AA0D51C2EEAEECD00D9B4C2 /* XCRemoteSwiftPackageReference "stripe-ios" */;
			productName = Stripe;
		};
		3A5D0ED72EEF30040020509C /* StripeApplePay */ = {
			isa = XCSwiftPackageProductDependency;
			package = 3AA0D51C2EEAEECD00D9B4C2 /* XCRemoteSwiftPackageReference "stripe-ios" */;
			productName = StripeApplePay;
		};
		3A5D0ED92EEF30040020509C /* StripePaymentsUI */ = {
			isa = XCSwiftPackageProductDependency;
			package = 3AA0D51C2EEAEECD00D9B4C2 /* XCRemoteSwiftPackageReference "stripe-ios" */;
			productName = StripePaymentsUI;
		};
		3A6F59AA2ECE535800062F59 /* Kingfisher */ = {
			isa = XCSwiftPackageProductDependency;
			package = 3A6F59A82ECE532A00062F59 /* XCRemoteSwiftPackageReference "Kingfisher" */;
			productName = Kingfisher;
		};
		3AA0D51D2EEAEECD00D9B4C2 /* StripeApplePay */ = {
			isa = XCSwiftPackageProductDependency;
			package = 3AA0D51C2EEAEECD00D9B4C2 /* XCRemoteSwiftPackageReference "stripe-ios" */;
			productName = StripeApplePay;
		};
		3AA0D51F2EEBFEA300D9B4C2 /* Stripe */ = {
			isa = XCSwiftPackageProductDependency;
			package = 3AA0D51C2EEAEECD00D9B4C2 /* XCRemoteSwiftPackageReference "stripe-ios" */;
			productName = Stripe;
		};
		3AA0D5212EEBFEA300D9B4C2 /* StripePayments */ = {
			isa = XCSwiftPackageProductDependency;
			package = 3AA0D51C2EEAEECD00D9B4C2 /* XCRemoteSwiftPackageReference "stripe-ios" */;
			productName = StripePayments;
		};
/* End XCSwiftPackageProductDependency section */
	};
	rootObject = 3A6F59752ECE43AC00062F59 /* Project object */;
}
